
Microsoft Visual Studio Solution File, Format Version 12.00
# Visual Studio Version 17
VisualStudioVersion = 17.13.35931.197 d17.13
MinimumVisualStudioVersion = 10.0.40219.1
Project("{FAE04EC0-301F-11D3-BF4B-00C04F79EFBC}") = "TesseractOCR", "TesseractOCR\TesseractOCR.csproj", "{193FEFF6-3F59-4825-9794-5BB26E4CD244}"
EndProject
Global
	GlobalSection(SolutionConfigurationPlatforms) = preSolution
		Debug|Any CPU = Debug|Any CPU
		Release|Any CPU = Release|Any CPU
	EndGlobalSection
	GlobalSection(ProjectConfigurationPlatforms) = postSolution
		{193FEFF6-3F59-4825-9794-5BB26E4CD244}.Debug|Any CPU.ActiveCfg = Debug|Any CPU
		{193FEFF6-3F59-4825-9794-5BB26E4CD244}.Debug|Any CPU.Build.0 = Debug|Any CPU
		{193FEFF6-3F59-4825-9794-5BB26E4CD244}.Release|Any CPU.ActiveCfg = Release|Any CPU
		{193FEFF6-3F59-4825-9794-5BB26E4CD244}.Release|Any CPU.Build.0 = Release|Any CPU
	EndGlobalSection
	GlobalSection(SolutionProperties) = preSolution
		HideSolutionNode = FALSE
	EndGlobalSection
	GlobalSection(ExtensibilityGlobals) = postSolution
		SolutionGuid = {C091326F-A8EC-444E-888F-A1CA66F6BB79}
	EndGlobalSection
EndGlobal
